{
    "_readme": [
        "This file locks the dependencies of your project to a known state",
        "Read more about it at https://getcomposer.org/doc/01-basic-usage.md#installing-dependencies",
        "This file is @generated automatically"
    ],
    "content-hash": "5ca8fed3d2b79e0be2e6b0c80f8f62eb",
    "packages": [],
    "packages-dev": [],
    "aliases": [],
    "minimum-stability": "stable",
    "stability-flags": [],
    "prefer-stable": false,
    "prefer-lowest": false,
    "platform": {
        "php": "^7.3.6 || ^8.0",
        "ext-json": "*",
        "ext-mbstring": "*"
    },
    "platform-dev": [],
    "platform-overrides": {
        "php": "7.3.6"
    }
}
